
Microsoft Visual Studio Solution File, Format Version 12.00
# Visual Studio Version 17
VisualStudioVersion = 17.9.34616.47
MinimumVisualStudioVersion = 10.0.40219.1
Project("{FAE04EC0-301F-11D3-BF4B-00C04F79EFBC}") = "Grafica de linea", "Grafica de linea\Grafica de linea.csproj", "{92D98002-FE90-46B7-B277-E3251E4F9408}"
EndProject
Global
	GlobalSection(SolutionConfigurationPlatforms) = preSolution
		Debug|Any CPU = Debug|Any CPU
		Release|Any CPU = Release|Any CPU
	EndGlobalSection
	GlobalSection(ProjectConfigurationPlatforms) = postSolution
		{92D98002-FE90-46B7-B277-E3251E4F9408}.Debug|Any CPU.ActiveCfg = Debug|Any CPU
		{92D98002-FE90-46B7-B277-E3251E4F9408}.Debug|Any CPU.Build.0 = Debug|Any CPU
		{92D98002-FE90-46B7-B277-E3251E4F9408}.Release|Any CPU.ActiveCfg = Release|Any CPU
		{92D98002-FE90-46B7-B277-E3251E4F9408}.Release|Any CPU.Build.0 = Release|Any CPU
	EndGlobalSection
	GlobalSection(SolutionProperties) = preSolution
		HideSolutionNode = FALSE
	EndGlobalSection
	GlobalSection(ExtensibilityGlobals) = postSolution
		SolutionGuid = {17A25A25-8EBD-4707-A364-80227E7120B4}
	EndGlobalSection
EndGlobal
